{
  "object": {
    "pins": [
      {
        "package": "swift-argument-parser",
        "repositoryURL": "https://github.com/apple/swift-argument-parser",
        "state": {
          "branch": null,
          "revision": "554e7659eb5b4dff97158d531aabecf11d546e2d",
          "version": "1.1.0"
        }
      },
      {
        "package": "Yams",
        "repositoryURL": "https://github.com/jpsim/Yams.git",
        "state": {
          "branch": null,
          "revision": "00c403debcd0a007b854bb35e598466207a2d58c",
          "version": "5.0.0"
        }
      }
    ]
  },
  "version": 1
}
